// !$*UTF8*$!
{
	archiveVersion = 1;
	classes = {
	};
	objectVersion = 50;
	objects = {

/* Begin PBXBuildFile section */
		05A73ABB2483A30900B5F30B /* AppDelegate.m in Sources */ = {isa = PBXBuildFile; fileRef = 05A73ABA2483A30900B5F30B /* AppDelegate.m */; };
		05A73ABE2483A30900B5F30B /* SceneDelegate.m in Sources */ = {isa = PBXBuildFile; fileRef = 05A73ABD2483A30900B5F30B /* SceneDelegate.m */; };
		05A73AC12483A30900B5F30B /* ViewController.m in Sources */ = {isa = PBXBuildFile; fileRef = 05A73AC02483A30900B5F30B /* ViewController.m */; };
		05A73AC42483A30900B5F30B /* Main.storyboard in Resources */ = {isa = PBXBuildFile; fileRef = 05A73AC22483A30900B5F30B /* Main.storyboard */; };
		05A73AC62483A31300B5F30B /* Assets.xcassets in Resources */ = {isa = PBXBuildFile; fileRef = 05A73AC52483A31300B5F30B /* Assets.xcassets */; };
		05A73AC92483A31300B5F30B /* LaunchScreen.storyboard in Resources */ = {isa = PBXBuildFile; fileRef = 05A73AC72483A31300B5F30B /* LaunchScreen.storyboard */; };
		05A73ACC2483A31300B5F30B /* main.m in Sources */ = {isa = PBXBuildFile; fileRef = 05A73ACB2483A31300B5F30B /* main.m */; };
/* End PBXBuildFile section */

/* Begin PBXFileReference section */
		05A73AB62483A30900B5F30B /* Testgit.app */ = {isa = PBXFileReference; explicitFileType = wrapper.application; includeInIndex = 0; path = Testgit.app; sourceTree = BUILT_PRODUCTS_DIR; };
		05A73AB92483A30900B5F30B /* AppDelegate.h */ = {isa = PBXFileReference; lastKnownFileType = sourcecode.c.h; path = AppDelegate.h; sourceTree = "<group>"; };
		05A73ABA2483A30900B5F30B /* AppDelegate.m */ = {isa = PBXFileReference; lastKnownFileType = sourcecode.c.objc; path = AppDelegate.m; sourceTree = "<group>"; };
		05A73ABC2483A30900B5F30B /* SceneDelegate.h */ = {isa = PBXFileReference; lastKnownFileType = sourcecode.c.h; path = SceneDelegate.h; sourceTree = "<group>"; };
		05A73ABD2483A30900B5F30B /* SceneDelegate.m */ = {isa = PBXFileReference; lastKnownFileType = sourcecode.c.objc; path = SceneDelegate.m; sourceTree = "<group>"; };
		05A73ABF2483A30900B5F30B /* ViewController.h */ = {isa = PBXFileReference; lastKnownFileType = sourcecode.c.h; path = ViewController.h; sourceTree = "<group>"; };
		05A73AC02483A30900B5F30B /* ViewController.m */ = {isa = PBXFileReference; lastKnownFileType = sourcecode.c.objc; path = ViewController.m; sourceTree = "<group>"; };
		05A73AC32483A30900B5F30B /* Base */ = {isa = PBXFileReference; lastKnownFileType = file.storyboard; name = Base; path = Base.lproj/Main.storyboard; sourceTree = "<group>"; };
		05A73AC52483A31300B5F30B /* Assets.xcassets */ = {isa = PBXFileReference; lastKnownFileType = folder.assetcatalog; path = Assets.xcassets; sourceTree = "<group>"; };
		05A73AC82483A31300B5F30B /* Base */ = {isa = PBXFileReference; lastKnownFileType = file.storyboard; name = Base; path = Base.lproj/LaunchScreen.storyboard; sourceTree = "<group>"; };
		05A73ACA2483A31300B5F30B /* Info.plist */ = {isa = PBXFileReference; lastKnownFileType = text.plist.xml; path = Info.plist; sourceTree = "<group>"; };
		05A73ACB2483A31300B5F30B /* main.m */ = {isa = PBXFileReference; lastKnownFileType = sourcecode.c.objc; path = main.m; sourceTree = "<group>"; };
/* End PBXFileReference section */

/* Begin PBXFrameworksBuildPhase section */
		05A73AB32483A30900B5F30B /* Frameworks */ = {
			isa = PBXFrameworksBuildPhase;
			buildActionMask = 2147483647;
			files = (
			);
			runOnlyForDeploymentPostprocessing = 0;
		};
/* End PBXFrameworksBuildPhase section */

/* Begin PBXGroup section */
		05A73AAD2483A30800B5F30B = {
			isa = PBXGroup;
			children = (
				05A73AB82483A30900B5F30B /* Testgit */,
				05A73AB72483A30900B5F30B /* Products */,
			);
			sourceTree = "<group>";
		};
		05A73AB72483A30900B5F30B /* Products */ = {
			isa = PBXGroup;
			children = (
				05A73AB62483A30900B5F30B /* Testgit.app */,
			);
			name = Products;
			sourceTree = "<group>";
		};
		05A73AB82483A30900B5F30B /* Testgit */ = {
			isa = PBXGroup;
			children = (
				05A73AB92483A30900B5F30B /* AppDelegate.h */,
				05A73ABA2483A30900B5F30B /* AppDelegate.m */,
				05A73ABC2483A30900B5F30B /* SceneDelegate.h */,
				05A73ABD2483A30900B5F30B /* SceneDelegate.m */,
				05A73ABF2483A30900B5F30B /* ViewController.h */,
				05A73AC02483A30900B5F30B /* ViewController.m */,
				05A73AC22483A30900B5F30B /* Main.storyboard */,
				05A73AC52483A31300B5F30B /* Assets.xcassets */,
				05A73AC72483A31300B5F30B /* LaunchScreen.storyboard */,
				05A73ACA2483A31300B5F30B /* Info.plist */,
				05A73ACB2483A31300B5F30B /* main.m */,
			);
			path = Testgit;
			sourceTree = "<group>";
		};
/* End PBXGroup section */

/* Begin PBXNativeTarget section */
		05A73AB52483A30900B5F30B /* Testgit */ = {
			isa = PBXNativeTarget;
			buildConfigurationList = 05A73ACF2483A31300B5F30B /* Build configuration list for PBXNativeTarget "Testgit" */;
			buildPhases = (
				05A73AB22483A30900B5F30B /* Sources */,
				05A73AB32483A30900B5F30B /* Frameworks */,
				05A73AB42483A30900B5F30B /* Resources */,
			);
			buildRules = (
			);
			dependencies = (
			);
			name = Testgit;
			productName = Testgit;
			productReference = 05A73AB62483A30900B5F30B /* Testgit.app */;
			productType = "com.apple.product-type.application";
		};
/* End PBXNativeTarget section */

/* Begin PBXProject section */
		05A73AAE2483A30900B5F30B /* Project object */ = {
			isa = PBXProject;
			attributes = {
				LastUpgradeCheck = 1140;
				ORGANIZATIONNAME = xinpeiyuan;
				TargetAttributes = {
					05A73AB52483A30900B5F30B = {
						CreatedOnToolsVersion = 11.4.1;
					};
				};
			};
			buildConfigurationList = 05A73AB12483A30900B5F30B /* Build configuration list for PBXProject "Testgit" */;
			compatibilityVersion = "Xcode 9.3";
			developmentRegion = en;
			hasScannedForEncodings = 0;
			knownRegions = (
				en,
				Base,
			);
			mainGroup = 05A73AAD2483A30800B5F30B;
			productRefGroup = 05A73AB72483A30900B5F30B /* Products */;
			projectDirPath = "";
			projectRoot = "";
			targets = (
				05A73AB52483A30900B5F30B /* Testgit */,
			);
		};
/* End PBXProject section */

/* Begin PBXResourcesBuildPhase section */
		05A73AB42483A30900B5F30B /* Resources */ = {
			isa = PBXResourcesBuildPhase;
			buildActionMask = 2147483647;
			files = (
				05A73AC92483A31300B5F30B /* LaunchScreen.storyboard in Resources */,
				05A73AC62483A31300B5F30B /* Assets.xcassets in Resources */,
				05A73AC42483A30900B5F30B /* Main.storyboard in Resources */,
			);
			runOnlyForDeploymentPostprocessing = 0;
		};
/* End PBXResourcesBuildPhase section */

/* Begin PBXSourcesBuildPhase section */
		05A73AB22483A30900B5F30B /* Sources */ = {
			isa = PBXSourcesBuildPhase;
			buildActionMask = 2147483647;
			files = (
				05A73AC12483A30900B5F30B /* ViewController.m in Sources */,
				05A73ABB2483A30900B5F30B /* AppDelegate.m in Sources */,
				05A73ACC2483A31300B5F30B /* main.m in Sources */,
				05A73ABE2483A30900B5F30B /* SceneDelegate.m in Sources */,
			);
			runOnlyForDeploymentPostprocessing = 0;
		};
/* End PBXSourcesBuildPhase section */

/* Begin PBXVariantGroup section */
		05A73AC22483A30900B5F30B /* Main.storyboard */ = {
			isa = PBXVariantGroup;
			children = (
				05A73AC32483A30900B5F30B /* Base */,
			);
			name = Main.storyboard;
			sourceTree = "<group>";
		};
		05A73AC72483A31300B5F30B /* LaunchScreen.storyboard */ = {
			isa = PBXVariantGroup;
			children = (
				05A73AC82483A31300B5F30B /* Base */,
			);
			name = LaunchScreen.storyboard;
			sourceTree = "<group>";
		};
/* End PBXVariantGroup section */

/* Begin XCBuildConfiguration section */
		05A73ACD2483A31300B5F30B /* Debug */ = {
			isa = XCBuildConfiguration;
			buildSettings = {
				ALWAYS_SEARCH_USER_PATHS = NO;
				CLANG_ANALYZER_NONNULL = YES;
				CLANG_ANALYZER_NUMBER_OBJECT_CONVERSION = YES_AGGRESSIVE;
				CLANG_CXX_LANGUAGE_STANDARD = "gnu++14";
				CLANG_CXX_LIBRARY = "libc++";
				CLANG_ENABLE_MODULES = YES;
				CLANG_ENABLE_OBJC_ARC = YES;
				CLANG_ENABLE_OBJC_WEAK = YES;
				CLANG_WARN_BLOCK_CAPTURE_AUTORELEASING = YES;
				CLANG_WARN_BOOL_CONVERSION = YES;
				CLANG_WARN_COMMA = YES;
				CLANG_WARN_CONSTANT_CONVERSION = YES;
				CLANG_WARN_DEPRECATED_OBJC_IMPLEMENTATIONS = YES;
				CLANG_WARN_DIRECT_OBJC_ISA_USAGE = YES_ERROR;
				CLANG_WARN_DOCUMENTATION_COMMENTS = YES;
				CLANG_WARN_EMPTY_BODY = YES;
				CLANG_WARN_ENUM_CONVERSION = YES;
				CLANG_WARN_INFINITE_RECURSION = YES;
				CLANG_WARN_INT_CONVERSION = YES;
				CLANG_WARN_NON_LITERAL_NULL_CONVERSION = YES;
				CLANG_WARN_OBJC_IMPLICIT_RETAIN_SELF = YES;
				CLANG_WARN_OBJC_LITERAL_CONVERSION = YES;
				CLANG_WARN_OBJC_ROOT_CLASS = YES_ERROR;
				CLANG_WARN_RANGE_LOOP_ANALYSIS = YES;
				CLANG_WARN_STRICT_PROTOTYPES = YES;
				CLANG_WARN_SUSPICIOUS_MOVE = YES;
				CLANG_WARN_UNGUARDED_AVAILABILITY = YES_AGGRESSIVE;
				CLANG_WARN_UNREACHABLE_CODE = YES;
				CLANG_WARN__DUPLICATE_METHOD_MATCH = YES;
				COPY_PHASE_STRIP = NO;
				DEBUG_INFORMATION_FORMAT = dwarf;
				ENABLE_STRICT_OBJC_MSGSEND = YES;
				ENABLE_TESTABILITY = YES;
				GCC_C_LANGUAGE_STANDARD = gnu11;
				GCC_DYNAMIC_NO_PIC = NO;
				GCC_NO_COMMON_BLOCKS = YES;
				GCC_OPTIMIZATION_LEVEL = 0;
				GCC_PREPROCESSOR_DEFINITIONS = (
					"DEBUG=1",
					"$(inherited)",
				);
				GCC_WARN_64_TO_32_BIT_CONVERSION = YES;
				GCC_WARN_ABOUT_RETURN_TYPE = YES_ERROR;
				GCC_WARN_UNDECLARED_SELECTOR = YES;
				GCC_WARN_UNINITIALIZED_AUTOS = YES_AGGRESSIVE;
				GCC_WARN_UNUSED_FUNCTION = YES;
				GCC_WARN_UNUSED_VARIABLE = YES;
				IPHONEOS_DEPLOYMENT_TARGET = 13.4;
				MTL_ENABLE_DEBUG_INFO = INCLUDE_SOURCE;
				MTL_FAST_MATH = YES;
				ONLY_ACTIVE_ARCH = YES;
				SDKROOT = iphoneos;
			};
			name = Debug;
		};
		05A73ACE2483A31300B5F30B /* Release */ = {
			isa = XCBuildConfiguration;
			buildSettings = {
				ALWAYS_SEARCH_USER_PATHS = NO;
				CLANG_ANALYZER_NONNULL = YES;
				CLANG_ANALYZER_NUMBER_OBJECT_CONVERSION = YES_AGGRESSIVE;
				CLANG_CXX_LANGUAGE_STANDARD = "gnu++14";
				CLANG_CXX_LIBRARY = "libc++";
				CLANG_ENABLE_MODULES = YES;
				CLANG_ENABLE_OBJC_ARC = YES;
				CLANG_ENABLE_OBJC_WEAK = YES;
				CLANG_WARN_BLOCK_CAPTURE_AUTORELEASING = YES;
				CLANG_WARN_BOOL_CONVERSION = YES;
				CLANG_WARN_COMMA = YES;
				CLANG_WARN_CONSTANT_CONVERSION = YES;
				CLANG_WARN_DEPRECATED_OBJC_IMPLEMENTATIONS = YES;
				CLANG_WARN_DIRECT_OBJC_ISA_USAGE = YES_ERROR;
				CLANG_WARN_DOCUMENTATION_COMMENTS = YES;
				CLANG_WARN_EMPTY_BODY = YES;
				CLANG_WARN_ENUM_CONVERSION = YES;
				CLANG_WARN_INFINITE_RECURSION = YES;
				CLANG_WARN_INT_CONVERSION = YES;
				CLANG_WARN_NON_LITERAL_NULL_CONVERSION = YES;
				CLANG_WARN_OBJC_IMPLICIT_RETAIN_SELF = YES;
				CLANG_WARN_OBJC_LITERAL_CONVERSION = YES;
				CLANG_WARN_OBJC_ROOT_CLASS = YES_ERROR;
				CLANG_WARN_RANGE_LOOP_ANALYSIS = YES;
				CLANG_WARN_STRICT_PROTOTYPES = YES;
				CLANG_WARN_SUSPICIOUS_MOVE = YES;
				CLANG_WARN_UNGUARDED_AVAILABILITY = YES_AGGRESSIVE;
				CLANG_WARN_UNREACHABLE_CODE = YES;
				CLANG_WARN__DUPLICATE_METHOD_MATCH = YES;
				COPY_PHASE_STRIP = NO;
				DEBUG_INFORMATION_FORMAT = "dwarf-with-dsym";
				ENABLE_NS_ASSERTIONS = NO;
				ENABLE_STRICT_OBJC_MSGSEND = YES;
				GCC_C_LANGUAGE_STANDARD = gnu11;
				GCC_NO_COMMON_BLOCKS = YES;
				GCC_WARN_64_TO_32_BIT_CONVERSION = YES;
				GCC_WARN_ABOUT_RETURN_TYPE = YES_ERROR;
				GCC_WARN_UNDECLARED_SELECTOR = YES;
				GCC_WARN_UNINITIALIZED_AUTOS = YES_AGGRESSIVE;
				GCC_WARN_UNUSED_FUNCTION = YES;
				GCC_WARN_UNUSED_VARIABLE = YES;
				IPHONEOS_DEPLOYMENT_TARGET = 13.4;
				MTL_ENABLE_DEBUG_INFO = NO;
				MTL_FAST_MATH = YES;
				SDKROOT = iphoneos;
				VALIDATE_PRODUCT = YES;
			};
			name = Release;
		};
		05A73AD02483A31300B5F30B /* Debug */ = {
			isa = XCBuildConfiguration;
			buildSettings = {
				ASSETCATALOG_COMPILER_APPICON_NAME = AppIcon;
				CODE_SIGN_STYLE = Automatic;
				DEVELOPMENT_TEAM = L7NQCRQ35G;
				INFOPLIST_FILE = Testgit/Info.plist;
				LD_RUNPATH_SEARCH_PATHS = (
					"$(inherited)",
					"@executable_path/Frameworks",
				);
				PRODUCT_BUNDLE_IDENTIFIER = com.xinpeiyuan.Testgit;
				PRODUCT_NAME = "$(TARGET_NAME)";
				TARGETED_DEVICE_FAMILY = "1,2";
			};
			name = Debug;
		};
		05A73AD12483A31300B5F30B /* Release */ = {
			isa = XCBuildConfiguration;
			buildSettings = {
				ASSETCATALOG_COMPILER_APPICON_NAME = AppIcon;
				CODE_SIGN_STYLE = Automatic;
				DEVELOPMENT_TEAM = L7NQCRQ35G;
				INFOPLIST_FILE = Testgit/Info.plist;
				LD_RUNPATH_SEARCH_PATHS = (
					"$(inherited)",
					"@executable_path/Frameworks",
				);
				PRODUCT_BUNDLE_IDENTIFIER = com.xinpeiyuan.Testgit;
				PRODUCT_NAME = "$(TARGET_NAME)";
				TARGETED_DEVICE_FAMILY = "1,2";
			};
			name = Release;
		};
/* End XCBuildConfiguration section */

/* Begin XCConfigurationList section */
		05A73AB12483A30900B5F30B /* Build configuration list for PBXProject "Testgit" */ = {
			isa = XCConfigurationList;
			buildConfigurations = (
				05A73ACD2483A31300B5F30B /* Debug */,
				05A73ACE2483A31300B5F30B /* Release */,
			);
			defaultConfigurationIsVisible = 0;
			defaultConfigurationName = Release;
		};
		05A73ACF2483A31300B5F30B /* Build configuration list for PBXNativeTarget "Testgit" */ = {
			isa = XCConfigurationList;
			buildConfigurations = (
				05A73AD02483A31300B5F30B /* Debug */,
				05A73AD12483A31300B5F30B /* Release */,
			);
			defaultConfigurationIsVisible = 0;
			defaultConfigurationName = Release;
		};
/* End XCConfigurationList section */
	};
	rootObject = 05A73AAE2483A30900B5F30B /* Project object */;
}
